PODS:
  - Apollo (0.38.3):
    - Apollo/Core (= 0.38.3)
  - Apollo/Core (0.38.3)
  - AppCenter (4.0.0):
    - AppCenter/Analytics (= 4.0.0)
    - AppCenter/Crashes (= 4.0.0)
  - AppCenter/Analytics (4.0.0):
    - AppCenter/Core
  - AppCenter/Core (4.0.0)
  - AppCenter/Crashes (4.0.0):
    - AppCenter/Core
  - FlexColorPicker (1.4.2)
  - IQKeyboardManagerSwift (6.5.6)
  - lottie-ios (3.1.9)
  - OneKeySDK (0.0.1):
    - Apollo
    - RxCocoa
    - RxSwift
    - RxSwiftExt
  - RxCocoa (5.1.1):
    - RxRelay (~> 5)
    - RxSwift (~> 5)
  - RxRelay (5.1.1):
    - RxSwift (~> 5)
  - RxSwift (5.1.1)
  - RxSwiftExt (5.2.0):
    - RxSwiftExt/Core (= 5.2.0)
    - RxSwiftExt/RxCocoa (= 5.2.0)
  - RxSwiftExt/Core (5.2.0):
    - RxSwift (~> 5.0)
  - RxSwiftExt/RxCocoa (5.2.0):
    - RxCocoa (~> 5.0)
    - RxSwiftExt/Core

DEPENDENCIES:
  - AppCenter
  - FlexColorPicker
  - IQKeyboardManagerSwift
  - lottie-ios
  - OneKeySDK (from `../../`)
  - RxCocoa (~> 5)
  - RxSwift (~> 5)

SPEC REPOS:
  trunk:
    - Apollo
    - AppCenter
    - FlexColorPicker
    - IQKeyboardManagerSwift
    - lottie-ios
    - RxCocoa
    - RxRelay
    - RxSwift
    - RxSwiftExt

EXTERNAL SOURCES:
  OneKeySDK:
    :path: "../../"

SPEC CHECKSUMS:
  Apollo: b5c2427ff42bd23c4db399df1a60c8db34bda53c
  AppCenter: 51351e0121e40ba75e28ecb7de5c2e69d480df5e
  FlexColorPicker: d7ed5cfd8ceb936f2930e4e30629f9448967a5f8
  IQKeyboardManagerSwift: c7df9d2deb356c04522f5c4b7b6e4ce4d8ed94fe
  lottie-ios: 3a3758ef5a008e762faec9c9d50a39842f26d124
  OneKeySDK: 53f9b204bcbfec63372674477ba4e0ded3e8b774
  RxCocoa: 32065309a38d29b5b0db858819b5bf9ef038b601
  RxRelay: d77f7d771495f43c556cbc43eebd1bb54d01e8e9
  RxSwift: 81470a2074fa8780320ea5fe4102807cb7118178
  RxSwiftExt: 4ca80336f43c28f11a2825cdd2fc61dd6c044697

PODFILE CHECKSUM: e7d09bdc2fd85ad0d08830aafecc310172993619

COCOAPODS: 1.10.0
