PODS:
  - Alamofire (5.1.0)
  - Apollo (0.36.0):
    - Apollo/Core (= 0.36.0)
  - Apollo/Core (0.36.0)
  - FlexColorPicker (1.4.2)
  - IQKeyboardManagerSwift (6.5.5)
  - lottie-ios (3.1.8)
  - Moya (14.0.0):
    - Moya/Core (= 14.0.0)
  - Moya/Core (14.0.0):
    - Alamofire (~> 5.0)
  - OneKeySDK (0.0.1):
    - Apollo
    - Moya
    - SDWebImage
  - RxCocoa (5.1.1):
    - RxRelay (~> 5)
    - RxSwift (~> 5)
  - RxRelay (5.1.1):
    - RxSwift (~> 5)
  - RxSwift (5.1.1)
  - SDWebImage (5.8.0):
    - SDWebImage/Core (= 5.8.0)
  - SDWebImage/Core (5.8.0)

DEPENDENCIES:
  - FlexColorPicker
  - IQKeyboardManagerSwift
  - lottie-ios
  - OneKeySDK (from `../../`)
  - RxCocoa (~> 5)
  - RxSwift (~> 5)

SPEC REPOS:
  trunk:
    - Alamofire
    - Apollo
    - FlexColorPicker
    - IQKeyboardManagerSwift
    - lottie-ios
    - Moya
    - RxCocoa
    - RxRelay
    - RxSwift
    - SDWebImage

EXTERNAL SOURCES:
  OneKeySDK:
    :path: "../../"

SPEC CHECKSUMS:
  Alamofire: 9d5c5f602928e512395b30950c5984eca840093c
  Apollo: a8dbf1a55e8860bfbe3e4274919721d102c85413
  FlexColorPicker: d7ed5cfd8ceb936f2930e4e30629f9448967a5f8
  IQKeyboardManagerSwift: 0fb93310284665245591f50f7a5e38de615960b7
  lottie-ios: 48fac6be217c76937e36e340e2d09cf7b10b7f5f
  Moya: 5b45dacb75adb009f97fde91c204c1e565d31916
  OneKeySDK: 0ed30fd7cbe378f474c32e3662ba5beb844d5923
  RxCocoa: 32065309a38d29b5b0db858819b5bf9ef038b601
  RxRelay: d77f7d771495f43c556cbc43eebd1bb54d01e8e9
  RxSwift: 81470a2074fa8780320ea5fe4102807cb7118178
  SDWebImage: 84000f962cbfa70c07f19d2234cbfcf5d779b5dc

PODFILE CHECKSUM: 023392c993f4e14950fa1c05494536f44a4db098

COCOAPODS: 1.9.3
