PODS:
  - Apollo (0.36.0):
    - Apollo/Core (= 0.36.0)
  - Apollo/Core (0.36.0)
  - AppCenter (4.3.0):
    - AppCenter/Analytics (= 4.3.0)
    - AppCenter/Crashes (= 4.3.0)
  - AppCenter/Analytics (4.3.0):
    - AppCenter/Core
  - AppCenter/Core (4.3.0)
  - AppCenter/Crashes (4.3.0):
    - AppCenter/Core
  - FlexColorPicker (1.4.4)
  - HealthCareLocatorSDK (1.2.7):
    - Apollo (= 0.36.0)
    - RxSwiftExt (~> 6)
  - IQKeyboardManagerSwift (6.5.6)
  - lottie-ios (3.2.3)
  - RxCocoa (6.2.0):
    - RxRelay (= 6.2.0)
    - RxSwift (= 6.2.0)
  - RxRelay (6.2.0):
    - RxSwift (= 6.2.0)
  - RxSwift (6.2.0)
  - RxSwiftExt (6.0.1):
    - RxSwiftExt/Core (= 6.0.1)
    - RxSwiftExt/RxCocoa (= 6.0.1)
  - RxSwiftExt/Core (6.0.1):
    - RxSwift (~> 6.0)
  - RxSwiftExt/RxCocoa (6.0.1):
    - RxCocoa (~> 6.0)
    - RxSwiftExt/Core

DEPENDENCIES:
  - AppCenter
  - FlexColorPicker
  - HealthCareLocatorSDK (from `../../`)
  - IQKeyboardManagerSwift
  - lottie-ios
  - RxCocoa (~> 6)
  - RxSwift (~> 6)

SPEC REPOS:
  trunk:
    - Apollo
    - AppCenter
    - FlexColorPicker
    - IQKeyboardManagerSwift
    - lottie-ios
    - RxCocoa
    - RxRelay
    - RxSwift
    - RxSwiftExt

EXTERNAL SOURCES:
  HealthCareLocatorSDK:
    :path: "../../"

SPEC CHECKSUMS:
  Apollo: a8dbf1a55e8860bfbe3e4274919721d102c85413
  AppCenter: 883369ab78427b0561c688158d689dfe1f993ea9
  FlexColorPicker: ce72e0a9e0870815a0beba419ac3e09913401624
  HealthCareLocatorSDK: 9e11c307623d3af52714f8ffa1707156ac52d7f7
  IQKeyboardManagerSwift: c7df9d2deb356c04522f5c4b7b6e4ce4d8ed94fe
  lottie-ios: c058aeafa76daa4cf64d773554bccc8385d0150e
  RxCocoa: 4baf94bb35f2c0ab31bc0cb9f1900155f646ba42
  RxRelay: e72dbfd157807478401ef1982e1c61c945c94b2f
  RxSwift: d356ab7bee873611322f134c5f9ef379fa183d8f
  RxSwiftExt: d61c4b9b06e0a448041b1c659e0f1b5c5a035afc

PODFILE CHECKSUM: 33e6234c7560b7d3fa3f5b36022966702c2eba0f

COCOAPODS: 1.11.2
