PODS:
  - Apollo (0.36.0):
    - Apollo/Core (= 0.36.0)
  - Apollo/Core (0.36.0)
  - AppCenter (4.1.0):
    - AppCenter/Analytics (= 4.1.0)
    - AppCenter/Crashes (= 4.1.0)
  - AppCenter/Analytics (4.1.0):
    - AppCenter/Core
  - AppCenter/Core (4.1.0)
  - AppCenter/Crashes (4.1.0):
    - AppCenter/Core
  - FlexColorPicker (1.4.2)
  - HealthCareLocatorSDK (1.0.0):
    - Apollo (= 0.36.0)
    - RxCocoa (= 5.1.1)
    - RxSwift (= 5.1.1)
    - RxSwiftExt (= 5.2.0)
  - IQKeyboardManagerSwift (6.5.6)
  - lottie-ios (3.1.9)
  - RxCocoa (5.1.1):
    - RxRelay (~> 5)
    - RxSwift (~> 5)
  - RxRelay (5.1.1):
    - RxSwift (~> 5)
  - RxSwift (5.1.1)
  - RxSwiftExt (5.2.0):
    - RxSwiftExt/Core (= 5.2.0)
    - RxSwiftExt/RxCocoa (= 5.2.0)
  - RxSwiftExt/Core (5.2.0):
    - RxSwift (~> 5.0)
  - RxSwiftExt/RxCocoa (5.2.0):
    - RxCocoa (~> 5.0)
    - RxSwiftExt/Core

DEPENDENCIES:
  - AppCenter
  - FlexColorPicker
  - HealthCareLocatorSDK (from `../../`)
  - IQKeyboardManagerSwift
  - lottie-ios
  - RxCocoa (~> 5)
  - RxSwift (~> 5)

SPEC REPOS:
  trunk:
    - Apollo
    - AppCenter
    - FlexColorPicker
    - IQKeyboardManagerSwift
    - lottie-ios
    - RxCocoa
    - RxRelay
    - RxSwift
    - RxSwiftExt

EXTERNAL SOURCES:
  HealthCareLocatorSDK:
    :path: "../../"

SPEC CHECKSUMS:
  Apollo: a8dbf1a55e8860bfbe3e4274919721d102c85413
  AppCenter: 8832b158d17e54845c3b88a91076218f0b07174d
  FlexColorPicker: d7ed5cfd8ceb936f2930e4e30629f9448967a5f8
  HealthCareLocatorSDK: 06ccdcfd43705d980d7e4c6c393669205e110652
  IQKeyboardManagerSwift: c7df9d2deb356c04522f5c4b7b6e4ce4d8ed94fe
  lottie-ios: 3a3758ef5a008e762faec9c9d50a39842f26d124
  RxCocoa: 32065309a38d29b5b0db858819b5bf9ef038b601
  RxRelay: d77f7d771495f43c556cbc43eebd1bb54d01e8e9
  RxSwift: 81470a2074fa8780320ea5fe4102807cb7118178
  RxSwiftExt: 4ca80336f43c28f11a2825cdd2fc61dd6c044697

PODFILE CHECKSUM: 11cf7edaa4d46a821f7ee645c0cc2210d69f8fa2

COCOAPODS: 1.10.1
